// !$*UTF8*$!
{
	archiveVersion = 1;
	classes = {
	};
	objectVersion = 55;
	objects = {

/* Begin PBXBuildFile section */
		0419B15B277D5B3200BD8D23 /* FiveFourLabApp.swift in Sources */ = {isa = PBXBuildFile; fileRef = 0419B15A277D5B3200BD8D23 /* FiveFourLabApp.swift */; };
		0419B15D277D5B3200BD8D23 /* ContentView.swift in Sources */ = {isa = PBXBuildFile; fileRef = 0419B15C277D5B3200BD8D23 /* ContentView.swift */; };
		0419B15F277D5B3400BD8D23 /* Assets.xcassets in Resources */ = {isa = PBXBuildFile; fileRef = 0419B15E277D5B3400BD8D23 /* Assets.xcassets */; };
		0419B162277D5B3400BD8D23 /* Preview Assets.xcassets in Resources */ = {isa = PBXBuildFile; fileRef = 0419B161277D5B3400BD8D23 /* Preview Assets.xcassets */; };
		0419B169277D5FE300BD8D23 /* DateTitle.swift in Sources */ = {isa = PBXBuildFile; fileRef = 0419B168277D5FE300BD8D23 /* DateTitle.swift */; };
		0419B16B277D628100BD8D23 /* HomeView.swift in Sources */ = {isa = PBXBuildFile; fileRef = 0419B16A277D628100BD8D23 /* HomeView.swift */; };
		0419B16F277D63AA00BD8D23 /* FeaturedCourseCard.swift in Sources */ = {isa = PBXBuildFile; fileRef = 0419B16E277D63AA00BD8D23 /* FeaturedCourseCard.swift */; };
		0419B171277D68B200BD8D23 /* FeaturedCourseList.swift in Sources */ = {isa = PBXBuildFile; fileRef = 0419B170277D68B200BD8D23 /* FeaturedCourseList.swift */; };
		0419B173277D6A4B00BD8D23 /* CourseCard.swift in Sources */ = {isa = PBXBuildFile; fileRef = 0419B172277D6A4B00BD8D23 /* CourseCard.swift */; };
		0419B175277D6AFA00BD8D23 /* CourseList.swift in Sources */ = {isa = PBXBuildFile; fileRef = 0419B174277D6AFA00BD8D23 /* CourseList.swift */; };
		0419B178277E0EB200BD8D23 /* Apollo in Frameworks */ = {isa = PBXBuildFile; productRef = 0419B177277E0EB200BD8D23 /* Apollo */; };
		0419B17A277E372400BD8D23 /* CourseQuery.graphql in Resources */ = {isa = PBXBuildFile; fileRef = 0419B179277E372400BD8D23 /* CourseQuery.graphql */; };
		0419B17D277E38D400BD8D23 /* API.swift in Sources */ = {isa = PBXBuildFile; fileRef = 0419B17C277E38D400BD8D23 /* API.swift */; };
		0419B180277E53C800BD8D23 /* Network.swift in Sources */ = {isa = PBXBuildFile; fileRef = 0419B17F277E53C800BD8D23 /* Network.swift */; };
		0419B183277E54FE00BD8D23 /* CourseViewModel.swift in Sources */ = {isa = PBXBuildFile; fileRef = 0419B182277E54FE00BD8D23 /* CourseViewModel.swift */; };
		04ADD32827817A0600B64594 /* ProfileIcon.swift in Sources */ = {isa = PBXBuildFile; fileRef = 04ADD32727817A0600B64594 /* ProfileIcon.swift */; };
		04ADD32E27817C2B00B64594 /* GradientIcon.swift in Sources */ = {isa = PBXBuildFile; fileRef = 04ADD32927817C2A00B64594 /* GradientIcon.swift */; };
		04ADD32F27817C2B00B64594 /* ResetPasswordView.swift in Sources */ = {isa = PBXBuildFile; fileRef = 04ADD32A27817C2A00B64594 /* ResetPasswordView.swift */; };
		04ADD33027817C2B00B64594 /* SignInView.swift in Sources */ = {isa = PBXBuildFile; fileRef = 04ADD32B27817C2A00B64594 /* SignInView.swift */; };
		04ADD33127817C2B00B64594 /* SignUpView.swift in Sources */ = {isa = PBXBuildFile; fileRef = 04ADD32C27817C2B00B64594 /* SignUpView.swift */; };
		04ADD33227817C2B00B64594 /* GradientButton.swift in Sources */ = {isa = PBXBuildFile; fileRef = 04ADD32D27817C2B00B64594 /* GradientButton.swift */; };
		04ADD33427817CBA00B64594 /* ModalManager.swift in Sources */ = {isa = PBXBuildFile; fileRef = 04ADD33327817CBA00B64594 /* ModalManager.swift */; };
		04ADD33827817ED300B64594 /* ModalManagerView.swift in Sources */ = {isa = PBXBuildFile; fileRef = 04ADD33727817ED300B64594 /* ModalManagerView.swift */; };
		04D7DA472782088100BFD059 /* AccountView.swift in Sources */ = {isa = PBXBuildFile; fileRef = 04D7DA462782088100BFD059 /* AccountView.swift */; };
		04D7DA4927820A6200BFD059 /* UserModel.swift in Sources */ = {isa = PBXBuildFile; fileRef = 04D7DA4827820A6200BFD059 /* UserModel.swift */; };
		04D7DA4B27820D1200BFD059 /* AccountViewModel.swift in Sources */ = {isa = PBXBuildFile; fileRef = 04D7DA4A27820D1200BFD059 /* AccountViewModel.swift */; };
		04D7DA4D278220D800BFD059 /* ProfileCard.swift in Sources */ = {isa = PBXBuildFile; fileRef = 04D7DA4C278220D800BFD059 /* ProfileCard.swift */; };
		04D7DA4F278222E900BFD059 /* SFSafariViewWrapper.swift in Sources */ = {isa = PBXBuildFile; fileRef = 04D7DA4E278222E900BFD059 /* SFSafariViewWrapper.swift */; };
		04D7DA5F27822B5B00BFD059 /* CourseView.swift in Sources */ = {isa = PBXBuildFile; fileRef = 04D7DA5E27822B5A00BFD059 /* CourseView.swift */; };
		04D7DA6727822C3E00BFD059 /* SectionViewCover.swift in Sources */ = {isa = PBXBuildFile; fileRef = 04D7DA6027822C3E00BFD059 /* SectionViewCover.swift */; };
		04D7DA6827822C3E00BFD059 /* CourseViewTitle.swift in Sources */ = {isa = PBXBuildFile; fileRef = 04D7DA6127822C3E00BFD059 /* CourseViewTitle.swift */; };
		04D7DA6927822C3E00BFD059 /* CourseViewCover.swift in Sources */ = {isa = PBXBuildFile; fileRef = 04D7DA6227822C3E00BFD059 /* CourseViewCover.swift */; };
		04D7DA6A27822C3E00BFD059 /* SectionViewTitle.swift in Sources */ = {isa = PBXBuildFile; fileRef = 04D7DA6327822C3E00BFD059 /* SectionViewTitle.swift */; };
		04D7DA6B27822C3E00BFD059 /* CloseButton.swift in Sources */ = {isa = PBXBuildFile; fileRef = 04D7DA6427822C3E00BFD059 /* CloseButton.swift */; };
		04D7DA6C27822C3E00BFD059 /* SectionRow.swift in Sources */ = {isa = PBXBuildFile; fileRef = 04D7DA6527822C3E00BFD059 /* SectionRow.swift */; };
		04D7DA6D27822C3E00BFD059 /* CourseViewSubtitle.swift in Sources */ = {isa = PBXBuildFile; fileRef = 04D7DA6627822C3E00BFD059 /* CourseViewSubtitle.swift */; };
		04D7DA6F27822FEE00BFD059 /* SectionView.swift in Sources */ = {isa = PBXBuildFile; fileRef = 04D7DA6E27822FEE00BFD059 /* SectionView.swift */; };
		04FBEEEE277EAEBB0023EB61 /* schema.json in Resources */ = {isa = PBXBuildFile; fileRef = 04FBEEED277EAEBB0023EB61 /* schema.json */; };
		04FBEEF1277EBF340023EB61 /* CourseModel.swift in Sources */ = {isa = PBXBuildFile; fileRef = 04FBEEF0277EBF340023EB61 /* CourseModel.swift */; };
		04FBEEF3277ECAF30023EB61 /* CourseData.json in Resources */ = {isa = PBXBuildFile; fileRef = 04FBEEF2277ECAF30023EB61 /* CourseData.json */; };
		04FBEEF5277ECAFE0023EB61 /* LoadFromFile.swift in Sources */ = {isa = PBXBuildFile; fileRef = 04FBEEF4277ECAFE0023EB61 /* LoadFromFile.swift */; };
		04FBEEF7277ECB520023EB61 /* PreviewData.swift in Sources */ = {isa = PBXBuildFile; fileRef = 04FBEEF6277ECB520023EB61 /* PreviewData.swift */; };
		04FBEEF9277ECE020023EB61 /* Extensions.swift in Sources */ = {isa = PBXBuildFile; fileRef = 04FBEEF8277ECE020023EB61 /* Extensions.swift */; };
		04FBEEFC277F7ABA0023EB61 /* SectionQuery.graphql in Resources */ = {isa = PBXBuildFile; fileRef = 04FBEEFB277F7ABA0023EB61 /* SectionQuery.graphql */; };
		04FBEEFE277F87750023EB61 /* SectionModel.swift in Sources */ = {isa = PBXBuildFile; fileRef = 04FBEEFD277F87750023EB61 /* SectionModel.swift */; };
		04FBEF00277FA2930023EB61 /* SectionViewModel.swift in Sources */ = {isa = PBXBuildFile; fileRef = 04FBEEFF277FA2930023EB61 /* SectionViewModel.swift */; };
		04FBEF02277FA71C0023EB61 /* SectionsView.swift in Sources */ = {isa = PBXBuildFile; fileRef = 04FBEF01277FA71B0023EB61 /* SectionsView.swift */; };
		04FBEF04277FB0D10023EB61 /* SectionList.swift in Sources */ = {isa = PBXBuildFile; fileRef = 04FBEF03277FB0D10023EB61 /* SectionList.swift */; };
/* End PBXBuildFile section */

/* Begin PBXFileReference section */
		0419B157277D5B3200BD8D23 /* FiveFourLab.app */ = {isa = PBXFileReference; explicitFileType = wrapper.application; includeInIndex = 0; path = FiveFourLab.app; sourceTree = BUILT_PRODUCTS_DIR; };
		0419B15A277D5B3200BD8D23 /* FiveFourLabApp.swift */ = {isa = PBXFileReference; lastKnownFileType = sourcecode.swift; path = FiveFourLabApp.swift; sourceTree = "<group>"; };
		0419B15C277D5B3200BD8D23 /* ContentView.swift */ = {isa = PBXFileReference; lastKnownFileType = sourcecode.swift; path = ContentView.swift; sourceTree = "<group>"; };
		0419B15E277D5B3400BD8D23 /* Assets.xcassets */ = {isa = PBXFileReference; lastKnownFileType = folder.assetcatalog; path = Assets.xcassets; sourceTree = "<group>"; };
		0419B161277D5B3400BD8D23 /* Preview Assets.xcassets */ = {isa = PBXFileReference; lastKnownFileType = folder.assetcatalog; path = "Preview Assets.xcassets"; sourceTree = "<group>"; };
		0419B168277D5FE300BD8D23 /* DateTitle.swift */ = {isa = PBXFileReference; lastKnownFileType = sourcecode.swift; path = DateTitle.swift; sourceTree = "<group>"; };
		0419B16A277D628100BD8D23 /* HomeView.swift */ = {isa = PBXFileReference; lastKnownFileType = sourcecode.swift; path = HomeView.swift; sourceTree = "<group>"; };
		0419B16E277D63AA00BD8D23 /* FeaturedCourseCard.swift */ = {isa = PBXFileReference; lastKnownFileType = sourcecode.swift; path = FeaturedCourseCard.swift; sourceTree = "<group>"; };
		0419B170277D68B200BD8D23 /* FeaturedCourseList.swift */ = {isa = PBXFileReference; lastKnownFileType = sourcecode.swift; path = FeaturedCourseList.swift; sourceTree = "<group>"; };
		0419B172277D6A4B00BD8D23 /* CourseCard.swift */ = {isa = PBXFileReference; lastKnownFileType = sourcecode.swift; path = CourseCard.swift; sourceTree = "<group>"; };
		0419B174277D6AFA00BD8D23 /* CourseList.swift */ = {isa = PBXFileReference; lastKnownFileType = sourcecode.swift; path = CourseList.swift; sourceTree = "<group>"; };
		0419B179277E372400BD8D23 /* CourseQuery.graphql */ = {isa = PBXFileReference; lastKnownFileType = text; path = CourseQuery.graphql; sourceTree = "<group>"; };
		0419B17C277E38D400BD8D23 /* API.swift */ = {isa = PBXFileReference; fileEncoding = 4; lastKnownFileType = sourcecode.swift; name = API.swift; path = "../../../../../../Volumes/Storage/iOS School/SwiftUI Concurrency/Completed Project/SwiftUIConcurrencyFinal/API.swift"; sourceTree = "<group>"; };
		0419B17F277E53C800BD8D23 /* Network.swift */ = {isa = PBXFileReference; lastKnownFileType = sourcecode.swift; path = Network.swift; sourceTree = "<group>"; };
		0419B182277E54FE00BD8D23 /* CourseViewModel.swift */ = {isa = PBXFileReference; lastKnownFileType = sourcecode.swift; path = CourseViewModel.swift; sourceTree = "<group>"; };
		04ADD32727817A0600B64594 /* ProfileIcon.swift */ = {isa = PBXFileReference; lastKnownFileType = sourcecode.swift; path = ProfileIcon.swift; sourceTree = "<group>"; };
		04ADD32927817C2A00B64594 /* GradientIcon.swift */ = {isa = PBXFileReference; fileEncoding = 4; lastKnownFileType = sourcecode.swift; path = GradientIcon.swift; sourceTree = "<group>"; };
		04ADD32A27817C2A00B64594 /* ResetPasswordView.swift */ = {isa = PBXFileReference; fileEncoding = 4; lastKnownFileType = sourcecode.swift; path = ResetPasswordView.swift; sourceTree = "<group>"; };
		04ADD32B27817C2A00B64594 /* SignInView.swift */ = {isa = PBXFileReference; fileEncoding = 4; lastKnownFileType = sourcecode.swift; path = SignInView.swift; sourceTree = "<group>"; };
		04ADD32C27817C2B00B64594 /* SignUpView.swift */ = {isa = PBXFileReference; fileEncoding = 4; lastKnownFileType = sourcecode.swift; path = SignUpView.swift; sourceTree = "<group>"; };
		04ADD32D27817C2B00B64594 /* GradientButton.swift */ = {isa = PBXFileReference; fileEncoding = 4; lastKnownFileType = sourcecode.swift; path = GradientButton.swift; sourceTree = "<group>"; };
		04ADD33327817CBA00B64594 /* ModalManager.swift */ = {isa = PBXFileReference; lastKnownFileType = sourcecode.swift; path = ModalManager.swift; sourceTree = "<group>"; };
		04ADD33727817ED300B64594 /* ModalManagerView.swift */ = {isa = PBXFileReference; lastKnownFileType = sourcecode.swift; path = ModalManagerView.swift; sourceTree = "<group>"; };
		04D7DA462782088100BFD059 /* AccountView.swift */ = {isa = PBXFileReference; lastKnownFileType = sourcecode.swift; path = AccountView.swift; sourceTree = "<group>"; };
		04D7DA4827820A6200BFD059 /* UserModel.swift */ = {isa = PBXFileReference; lastKnownFileType = sourcecode.swift; path = UserModel.swift; sourceTree = "<group>"; };
		04D7DA4A27820D1200BFD059 /* AccountViewModel.swift */ = {isa = PBXFileReference; lastKnownFileType = sourcecode.swift; path = AccountViewModel.swift; sourceTree = "<group>"; };
		04D7DA4C278220D800BFD059 /* ProfileCard.swift */ = {isa = PBXFileReference; fileEncoding = 4; lastKnownFileType = sourcecode.swift; path = ProfileCard.swift; sourceTree = "<group>"; };
		04D7DA4E278222E900BFD059 /* SFSafariViewWrapper.swift */ = {isa = PBXFileReference; lastKnownFileType = sourcecode.swift; path = SFSafariViewWrapper.swift; sourceTree = "<group>"; };
		04D7DA5E27822B5A00BFD059 /* CourseView.swift */ = {isa = PBXFileReference; lastKnownFileType = sourcecode.swift; path = CourseView.swift; sourceTree = "<group>"; };
		04D7DA6027822C3E00BFD059 /* SectionViewCover.swift */ = {isa = PBXFileReference; fileEncoding = 4; lastKnownFileType = sourcecode.swift; path = SectionViewCover.swift; sourceTree = "<group>"; };
		04D7DA6127822C3E00BFD059 /* CourseViewTitle.swift */ = {isa = PBXFileReference; fileEncoding = 4; lastKnownFileType = sourcecode.swift; path = CourseViewTitle.swift; sourceTree = "<group>"; };
		04D7DA6227822C3E00BFD059 /* CourseViewCover.swift */ = {isa = PBXFileReference; fileEncoding = 4; lastKnownFileType = sourcecode.swift; path = CourseViewCover.swift; sourceTree = "<group>"; };
		04D7DA6327822C3E00BFD059 /* SectionViewTitle.swift */ = {isa = PBXFileReference; fileEncoding = 4; lastKnownFileType = sourcecode.swift; path = SectionViewTitle.swift; sourceTree = "<group>"; };
		04D7DA6427822C3E00BFD059 /* CloseButton.swift */ = {isa = PBXFileReference; fileEncoding = 4; lastKnownFileType = sourcecode.swift; path = CloseButton.swift; sourceTree = "<group>"; };
		04D7DA6527822C3E00BFD059 /* SectionRow.swift */ = {isa = PBXFileReference; fileEncoding = 4; lastKnownFileType = sourcecode.swift; path = SectionRow.swift; sourceTree = "<group>"; };
		04D7DA6627822C3E00BFD059 /* CourseViewSubtitle.swift */ = {isa = PBXFileReference; fileEncoding = 4; lastKnownFileType = sourcecode.swift; path = CourseViewSubtitle.swift; sourceTree = "<group>"; };
		04D7DA6E27822FEE00BFD059 /* SectionView.swift */ = {isa = PBXFileReference; lastKnownFileType = sourcecode.swift; path = SectionView.swift; sourceTree = "<group>"; };
		04FBEEED277EAEBB0023EB61 /* schema.json */ = {isa = PBXFileReference; fileEncoding = 4; lastKnownFileType = text.json; name = schema.json; path = FiveFourLab/schema.json; sourceTree = SOURCE_ROOT; };
		04FBEEF0277EBF340023EB61 /* CourseModel.swift */ = {isa = PBXFileReference; lastKnownFileType = sourcecode.swift; path = CourseModel.swift; sourceTree = "<group>"; };
		04FBEEF2277ECAF30023EB61 /* CourseData.json */ = {isa = PBXFileReference; fileEncoding = 4; lastKnownFileType = text.json; path = CourseData.json; sourceTree = "<group>"; };
		04FBEEF4277ECAFE0023EB61 /* LoadFromFile.swift */ = {isa = PBXFileReference; fileEncoding = 4; lastKnownFileType = sourcecode.swift; path = LoadFromFile.swift; sourceTree = "<group>"; };
		04FBEEF6277ECB520023EB61 /* PreviewData.swift */ = {isa = PBXFileReference; lastKnownFileType = sourcecode.swift; path = PreviewData.swift; sourceTree = "<group>"; };
		04FBEEF8277ECE020023EB61 /* Extensions.swift */ = {isa = PBXFileReference; lastKnownFileType = sourcecode.swift; path = Extensions.swift; sourceTree = "<group>"; };
		04FBEEFB277F7ABA0023EB61 /* SectionQuery.graphql */ = {isa = PBXFileReference; lastKnownFileType = text; path = SectionQuery.graphql; sourceTree = "<group>"; };
		04FBEEFD277F87750023EB61 /* SectionModel.swift */ = {isa = PBXFileReference; lastKnownFileType = sourcecode.swift; path = SectionModel.swift; sourceTree = "<group>"; };
		04FBEEFF277FA2930023EB61 /* SectionViewModel.swift */ = {isa = PBXFileReference; lastKnownFileType = sourcecode.swift; path = SectionViewModel.swift; sourceTree = "<group>"; };
		04FBEF01277FA71B0023EB61 /* SectionsView.swift */ = {isa = PBXFileReference; lastKnownFileType = sourcecode.swift; path = SectionsView.swift; sourceTree = "<group>"; };
		04FBEF03277FB0D10023EB61 /* SectionList.swift */ = {isa = PBXFileReference; lastKnownFileType = sourcecode.swift; path = SectionList.swift; sourceTree = "<group>"; };
/* End PBXFileReference section */

/* Begin PBXFrameworksBuildPhase section */
		0419B154277D5B3200BD8D23 /* Frameworks */ = {
			isa = PBXFrameworksBuildPhase;
			buildActionMask = 2147483647;
			files = (
				0419B178277E0EB200BD8D23 /* Apollo in Frameworks */,
			);
			runOnlyForDeploymentPostprocessing = 0;
		};
/* End PBXFrameworksBuildPhase section */

/* Begin PBXGroup section */
		0419B14E277D5B3200BD8D23 = {
			isa = PBXGroup;
			children = (
				0419B159277D5B3200BD8D23 /* FiveFourLab */,
				0419B158277D5B3200BD8D23 /* Products */,
			);
			sourceTree = "<group>";
		};
		0419B158277D5B3200BD8D23 /* Products */ = {
			isa = PBXGroup;
			children = (
				0419B157277D5B3200BD8D23 /* FiveFourLab.app */,
			);
			name = Products;
			sourceTree = "<group>";
		};
		0419B159277D5B3200BD8D23 /* FiveFourLab */ = {
			isa = PBXGroup;
			children = (
				04FBEEFA277F79C20023EB61 /* Queries */,
				0419B17C277E38D400BD8D23 /* API.swift */,
				0419B15E277D5B3400BD8D23 /* Assets.xcassets */,
				0419B15A277D5B3200BD8D23 /* FiveFourLabApp.swift */,
				04FBEEED277EAEBB0023EB61 /* schema.json */,
				0419B16D277D629E00BD8D23 /* Components */,
				04FBEEEF277EBF0E0023EB61 /* Models */,
				0419B17E277E53A200BD8D23 /* Utility */,
				0419B16C277D628B00BD8D23 /* View */,
				0419B181277E54C700BD8D23 /* View Models */,
				0419B160277D5B3400BD8D23 /* Preview Content */,
			);
			path = FiveFourLab;
			sourceTree = "<group>";
		};
		0419B160277D5B3400BD8D23 /* Preview Content */ = {
			isa = PBXGroup;
			children = (
				04FBEEF2277ECAF30023EB61 /* CourseData.json */,
				0419B161277D5B3400BD8D23 /* Preview Assets.xcassets */,
				04FBEEF6277ECB520023EB61 /* PreviewData.swift */,
			);
			path = "Preview Content";
			sourceTree = "<group>";
		};
		0419B16C277D628B00BD8D23 /* View */ = {
			isa = PBXGroup;
			children = (
				0419B15C277D5B3200BD8D23 /* ContentView.swift */,
				0419B16A277D628100BD8D23 /* HomeView.swift */,
				04FBEF01277FA71B0023EB61 /* SectionsView.swift */,
				04ADD33727817ED300B64594 /* ModalManagerView.swift */,
				04D7DA462782088100BFD059 /* AccountView.swift */,
				04D7DA5E27822B5A00BFD059 /* CourseView.swift */,
				04D7DA6E27822FEE00BFD059 /* SectionView.swift */,
			);
			path = View;
			sourceTree = "<group>";
		};
		0419B16D277D629E00BD8D23 /* Components */ = {
			isa = PBXGroup;
			children = (
				04D7DA6427822C3E00BFD059 /* CloseButton.swift */,
				04D7DA6227822C3E00BFD059 /* CourseViewCover.swift */,
				04D7DA6627822C3E00BFD059 /* CourseViewSubtitle.swift */,
				04D7DA6127822C3E00BFD059 /* CourseViewTitle.swift */,
				04D7DA6527822C3E00BFD059 /* SectionRow.swift */,
				04D7DA6027822C3E00BFD059 /* SectionViewCover.swift */,
				04D7DA6327822C3E00BFD059 /* SectionViewTitle.swift */,
				04D7DA4C278220D800BFD059 /* ProfileCard.swift */,
				04ADD32D27817C2B00B64594 /* GradientButton.swift */,
				04ADD32927817C2A00B64594 /* GradientIcon.swift */,
				04ADD32A27817C2A00B64594 /* ResetPasswordView.swift */,
				04ADD32B27817C2A00B64594 /* SignInView.swift */,
				04ADD32C27817C2B00B64594 /* SignUpView.swift */,
				0419B168277D5FE300BD8D23 /* DateTitle.swift */,
				0419B16E277D63AA00BD8D23 /* FeaturedCourseCard.swift */,
				0419B170277D68B200BD8D23 /* FeaturedCourseList.swift */,
				0419B172277D6A4B00BD8D23 /* CourseCard.swift */,
				0419B174277D6AFA00BD8D23 /* CourseList.swift */,
				04FBEF03277FB0D10023EB61 /* SectionList.swift */,
				04ADD32727817A0600B64594 /* ProfileIcon.swift */,
			);
			path = Components;
			sourceTree = "<group>";
		};
		0419B17E277E53A200BD8D23 /* Utility */ = {
			isa = PBXGroup;
			children = (
				04FBEEF4277ECAFE0023EB61 /* LoadFromFile.swift */,
				0419B17F277E53C800BD8D23 /* Network.swift */,
				04FBEEF8277ECE020023EB61 /* Extensions.swift */,
				04ADD33327817CBA00B64594 /* ModalManager.swift */,
				04D7DA4E278222E900BFD059 /* SFSafariViewWrapper.swift */,
			);
			path = Utility;
			sourceTree = "<group>";
		};
		0419B181277E54C700BD8D23 /* View Models */ = {
			isa = PBXGroup;
			children = (
				0419B182277E54FE00BD8D23 /* CourseViewModel.swift */,
				04FBEEFF277FA2930023EB61 /* SectionViewModel.swift */,
				04D7DA4A27820D1200BFD059 /* AccountViewModel.swift */,
			);
			path = "View Models";
			sourceTree = "<group>";
		};
		04FBEEEF277EBF0E0023EB61 /* Models */ = {
			isa = PBXGroup;
			children = (
				04FBEEF0277EBF340023EB61 /* CourseModel.swift */,
				04FBEEFD277F87750023EB61 /* SectionModel.swift */,
				04D7DA4827820A6200BFD059 /* UserModel.swift */,
			);
			path = Models;
			sourceTree = "<group>";
		};
		04FBEEFA277F79C20023EB61 /* Queries */ = {
			isa = PBXGroup;
			children = (
				0419B179277E372400BD8D23 /* CourseQuery.graphql */,
				04FBEEFB277F7ABA0023EB61 /* SectionQuery.graphql */,
			);
			path = Queries;
			sourceTree = "<group>";
		};
/* End PBXGroup section */

/* Begin PBXNativeTarget section */
		0419B156277D5B3200BD8D23 /* FiveFourLab */ = {
			isa = PBXNativeTarget;
			buildConfigurationList = 0419B165277D5B3400BD8D23 /* Build configuration list for PBXNativeTarget "FiveFourLab" */;
			buildPhases = (
				0419B17B277E378400BD8D23 /* Generate Apollo GraphQL API */,
				0419B153277D5B3200BD8D23 /* Sources */,
				0419B154277D5B3200BD8D23 /* Frameworks */,
				0419B155277D5B3200BD8D23 /* Resources */,
			);
			buildRules = (
			);
			dependencies = (
			);
			name = FiveFourLab;
			packageProductDependencies = (
				0419B177277E0EB200BD8D23 /* Apollo */,
			);
			productName = FiveFourLab;
			productReference = 0419B157277D5B3200BD8D23 /* FiveFourLab.app */;
			productType = "com.apple.product-type.application";
		};
/* End PBXNativeTarget section */

/* Begin PBXProject section */
		0419B14F277D5B3200BD8D23 /* Project object */ = {
			isa = PBXProject;
			attributes = {
				BuildIndependentTargetsInParallel = 1;
				LastSwiftUpdateCheck = 1320;
				LastUpgradeCheck = 1320;
				TargetAttributes = {
					0419B156277D5B3200BD8D23 = {
						CreatedOnToolsVersion = 13.2.1;
					};
				};
			};
			buildConfigurationList = 0419B152277D5B3200BD8D23 /* Build configuration list for PBXProject "FiveFourLab" */;
			compatibilityVersion = "Xcode 13.0";
			developmentRegion = en;
			hasScannedForEncodings = 0;
			knownRegions = (
				en,
				Base,
			);
			mainGroup = 0419B14E277D5B3200BD8D23;
			packageReferences = (
				0419B176277E0EB200BD8D23 /* XCRemoteSwiftPackageReference "apollo-ios" */,
			);
			productRefGroup = 0419B158277D5B3200BD8D23 /* Products */;
			projectDirPath = "";
			projectRoot = "";
			targets = (
				0419B156277D5B3200BD8D23 /* FiveFourLab */,
			);
		};
/* End PBXProject section */

/* Begin PBXResourcesBuildPhase section */
		0419B155277D5B3200BD8D23 /* Resources */ = {
			isa = PBXResourcesBuildPhase;
			buildActionMask = 2147483647;
			files = (
				04FBEEEE277EAEBB0023EB61 /* schema.json in Resources */,
				0419B162277D5B3400BD8D23 /* Preview Assets.xcassets in Resources */,
				0419B15F277D5B3400BD8D23 /* Assets.xcassets in Resources */,
				04FBEEF3277ECAF30023EB61 /* CourseData.json in Resources */,
				04FBEEFC277F7ABA0023EB61 /* SectionQuery.graphql in Resources */,
				0419B17A277E372400BD8D23 /* CourseQuery.graphql in Resources */,
			);
			runOnlyForDeploymentPostprocessing = 0;
		};
/* End PBXResourcesBuildPhase section */

/* Begin PBXShellScriptBuildPhase section */
		0419B17B277E378400BD8D23 /* Generate Apollo GraphQL API */ = {
			isa = PBXShellScriptBuildPhase;
			buildActionMask = 12;
			files = (
			);
			inputFileListPaths = (
			);
			inputPaths = (
			);
			name = "Generate Apollo GraphQL API";
			outputFileListPaths = (
			);
			outputPaths = (
			);
			runOnlyForDeploymentPostprocessing = 0;
			shellPath = /bin/sh;
			shellScript = "# Type a script or drag a script file from your workspace to insert its path.\n# Go to the build root and search up the chain to find the Derived Data Path where the source packages are checked out.\nDERIVED_DATA_CANDIDATE=\"${BUILD_ROOT}\"\n\nwhile ! [ -d \"${DERIVED_DATA_CANDIDATE}/SourcePackages\" ]; do\n  if [ \"${DERIVED_DATA_CANDIDATE}\" = / ]; then\n    echo >&2 \"error: Unable to locate SourcePackages directory from BUILD_ROOT: '${BUILD_ROOT}'\"\n    exit 1\n  fi\n\n  DERIVED_DATA_CANDIDATE=\"$(dirname \"${DERIVED_DATA_CANDIDATE}\")\"\ndone\n\n# Grab a reference to the directory where scripts are checked out\nSCRIPT_PATH=\"${DERIVED_DATA_CANDIDATE}/SourcePackages/checkouts/apollo-ios/scripts\"\n\nif [ -z \"${SCRIPT_PATH}\" ]; then\n    echo >&2 \"error: Couldn't find the CLI script in your checked out SPM packages; make sure to add the framework to your project.\"\n    exit 1\nfi\n\ncd \"${SRCROOT}/${TARGET_NAME}\"\n\"${SCRIPT_PATH}\"/run-bundled-codegen.sh codegen:generate --target=swift --includes=./**/*.graphql --localSchemaFile=\"schema.json\" API.swift\n";
		};
/* End PBXShellScriptBuildPhase section */

/* Begin PBXSourcesBuildPhase section */
		0419B153277D5B3200BD8D23 /* Sources */ = {
			isa = PBXSourcesBuildPhase;
			buildActionMask = 2147483647;
			files = (
				0419B183277E54FE00BD8D23 /* CourseViewModel.swift in Sources */,
				0419B180277E53C800BD8D23 /* Network.swift in Sources */,
				04D7DA6A27822C3E00BFD059 /* SectionViewTitle.swift in Sources */,
				0419B175277D6AFA00BD8D23 /* CourseList.swift in Sources */,
				04D7DA4927820A6200BFD059 /* UserModel.swift in Sources */,
				04ADD32E27817C2B00B64594 /* GradientIcon.swift in Sources */,
				04D7DA472782088100BFD059 /* AccountView.swift in Sources */,
				04D7DA6727822C3E00BFD059 /* SectionViewCover.swift in Sources */,
				04ADD33127817C2B00B64594 /* SignUpView.swift in Sources */,
				04D7DA5F27822B5B00BFD059 /* CourseView.swift in Sources */,
				04D7DA6B27822C3E00BFD059 /* CloseButton.swift in Sources */,
				04FBEEFE277F87750023EB61 /* SectionModel.swift in Sources */,
				04D7DA6F27822FEE00BFD059 /* SectionView.swift in Sources */,
				0419B15D277D5B3200BD8D23 /* ContentView.swift in Sources */,
				04FBEEF7277ECB520023EB61 /* PreviewData.swift in Sources */,
				04ADD32F27817C2B00B64594 /* ResetPasswordView.swift in Sources */,
				04FBEF02277FA71C0023EB61 /* SectionsView.swift in Sources */,
				04FBEF04277FB0D10023EB61 /* SectionList.swift in Sources */,
				0419B16B277D628100BD8D23 /* HomeView.swift in Sources */,
				0419B171277D68B200BD8D23 /* FeaturedCourseList.swift in Sources */,
				04FBEF00277FA2930023EB61 /* SectionViewModel.swift in Sources */,
				04D7DA4B27820D1200BFD059 /* AccountViewModel.swift in Sources */,
				04FBEEF1277EBF340023EB61 /* CourseModel.swift in Sources */,
				04ADD33227817C2B00B64594 /* GradientButton.swift in Sources */,
				0419B15B277D5B3200BD8D23 /* FiveFourLabApp.swift in Sources */,
				04ADD33027817C2B00B64594 /* SignInView.swift in Sources */,
				0419B173277D6A4B00BD8D23 /* CourseCard.swift in Sources */,
				04FBEEF9277ECE020023EB61 /* Extensions.swift in Sources */,
				0419B169277D5FE300BD8D23 /* DateTitle.swift in Sources */,
				04FBEEF5277ECAFE0023EB61 /* LoadFromFile.swift in Sources */,
				0419B17D277E38D400BD8D23 /* API.swift in Sources */,
				04D7DA6C27822C3E00BFD059 /* SectionRow.swift in Sources */,
				04ADD33827817ED300B64594 /* ModalManagerView.swift in Sources */,
				04ADD33427817CBA00B64594 /* ModalManager.swift in Sources */,
				04ADD32827817A0600B64594 /* ProfileIcon.swift in Sources */,
				04D7DA6927822C3E00BFD059 /* CourseViewCover.swift in Sources */,
				04D7DA6D27822C3E00BFD059 /* CourseViewSubtitle.swift in Sources */,
				04D7DA6827822C3E00BFD059 /* CourseViewTitle.swift in Sources */,
				0419B16F277D63AA00BD8D23 /* FeaturedCourseCard.swift in Sources */,
				04D7DA4D278220D800BFD059 /* ProfileCard.swift in Sources */,
				04D7DA4F278222E900BFD059 /* SFSafariViewWrapper.swift in Sources */,
			);
			runOnlyForDeploymentPostprocessing = 0;
		};
/* End PBXSourcesBuildPhase section */

/* Begin XCBuildConfiguration section */
		0419B163277D5B3400BD8D23 /* Debug */ = {
			isa = XCBuildConfiguration;
			buildSettings = {
				ALWAYS_SEARCH_USER_PATHS = NO;
				CLANG_ANALYZER_NONNULL = YES;
				CLANG_ANALYZER_NUMBER_OBJECT_CONVERSION = YES_AGGRESSIVE;
				CLANG_CXX_LANGUAGE_STANDARD = "gnu++17";
				CLANG_CXX_LIBRARY = "libc++";
				CLANG_ENABLE_MODULES = YES;
				CLANG_ENABLE_OBJC_ARC = YES;
				CLANG_ENABLE_OBJC_WEAK = YES;
				CLANG_WARN_BLOCK_CAPTURE_AUTORELEASING = YES;
				CLANG_WARN_BOOL_CONVERSION = YES;
				CLANG_WARN_COMMA = YES;
				CLANG_WARN_CONSTANT_CONVERSION = YES;
				CLANG_WARN_DEPRECATED_OBJC_IMPLEMENTATIONS = YES;
				CLANG_WARN_DIRECT_OBJC_ISA_USAGE = YES_ERROR;
				CLANG_WARN_DOCUMENTATION_COMMENTS = YES;
				CLANG_WARN_EMPTY_BODY = YES;
				CLANG_WARN_ENUM_CONVERSION = YES;
				CLANG_WARN_INFINITE_RECURSION = YES;
				CLANG_WARN_INT_CONVERSION = YES;
				CLANG_WARN_NON_LITERAL_NULL_CONVERSION = YES;
				CLANG_WARN_OBJC_IMPLICIT_RETAIN_SELF = YES;
				CLANG_WARN_OBJC_LITERAL_CONVERSION = YES;
				CLANG_WARN_OBJC_ROOT_CLASS = YES_ERROR;
				CLANG_WARN_QUOTED_INCLUDE_IN_FRAMEWORK_HEADER = YES;
				CLANG_WARN_RANGE_LOOP_ANALYSIS = YES;
				CLANG_WARN_STRICT_PROTOTYPES = YES;
				CLANG_WARN_SUSPICIOUS_MOVE = YES;
				CLANG_WARN_UNGUARDED_AVAILABILITY = YES_AGGRESSIVE;
				CLANG_WARN_UNREACHABLE_CODE = YES;
				CLANG_WARN__DUPLICATE_METHOD_MATCH = YES;
				COPY_PHASE_STRIP = NO;
				DEBUG_INFORMATION_FORMAT = dwarf;
				ENABLE_STRICT_OBJC_MSGSEND = YES;
				ENABLE_TESTABILITY = YES;
				GCC_C_LANGUAGE_STANDARD = gnu11;
				GCC_DYNAMIC_NO_PIC = NO;
				GCC_NO_COMMON_BLOCKS = YES;
				GCC_OPTIMIZATION_LEVEL = 0;
				GCC_PREPROCESSOR_DEFINITIONS = (
					"DEBUG=1",
					"$(inherited)",
				);
				GCC_WARN_64_TO_32_BIT_CONVERSION = YES;
				GCC_WARN_ABOUT_RETURN_TYPE = YES_ERROR;
				GCC_WARN_UNDECLARED_SELECTOR = YES;
				GCC_WARN_UNINITIALIZED_AUTOS = YES_AGGRESSIVE;
				GCC_WARN_UNUSED_FUNCTION = YES;
				GCC_WARN_UNUSED_VARIABLE = YES;
				IPHONEOS_DEPLOYMENT_TARGET = 15.2;
				MTL_ENABLE_DEBUG_INFO = INCLUDE_SOURCE;
				MTL_FAST_MATH = YES;
				ONLY_ACTIVE_ARCH = YES;
				SDKROOT = iphoneos;
				SWIFT_ACTIVE_COMPILATION_CONDITIONS = DEBUG;
				SWIFT_OPTIMIZATION_LEVEL = "-Onone";
			};
			name = Debug;
		};
		0419B164277D5B3400BD8D23 /* Release */ = {
			isa = XCBuildConfiguration;
			buildSettings = {
				ALWAYS_SEARCH_USER_PATHS = NO;
				CLANG_ANALYZER_NONNULL = YES;
				CLANG_ANALYZER_NUMBER_OBJECT_CONVERSION = YES_AGGRESSIVE;
				CLANG_CXX_LANGUAGE_STANDARD = "gnu++17";
				CLANG_CXX_LIBRARY = "libc++";
				CLANG_ENABLE_MODULES = YES;
				CLANG_ENABLE_OBJC_ARC = YES;
				CLANG_ENABLE_OBJC_WEAK = YES;
				CLANG_WARN_BLOCK_CAPTURE_AUTORELEASING = YES;
				CLANG_WARN_BOOL_CONVERSION = YES;
				CLANG_WARN_COMMA = YES;
				CLANG_WARN_CONSTANT_CONVERSION = YES;
				CLANG_WARN_DEPRECATED_OBJC_IMPLEMENTATIONS = YES;
				CLANG_WARN_DIRECT_OBJC_ISA_USAGE = YES_ERROR;
				CLANG_WARN_DOCUMENTATION_COMMENTS = YES;
				CLANG_WARN_EMPTY_BODY = YES;
				CLANG_WARN_ENUM_CONVERSION = YES;
				CLANG_WARN_INFINITE_RECURSION = YES;
				CLANG_WARN_INT_CONVERSION = YES;
				CLANG_WARN_NON_LITERAL_NULL_CONVERSION = YES;
				CLANG_WARN_OBJC_IMPLICIT_RETAIN_SELF = YES;
				CLANG_WARN_OBJC_LITERAL_CONVERSION = YES;
				CLANG_WARN_OBJC_ROOT_CLASS = YES_ERROR;
				CLANG_WARN_QUOTED_INCLUDE_IN_FRAMEWORK_HEADER = YES;
				CLANG_WARN_RANGE_LOOP_ANALYSIS = YES;
				CLANG_WARN_STRICT_PROTOTYPES = YES;
				CLANG_WARN_SUSPICIOUS_MOVE = YES;
				CLANG_WARN_UNGUARDED_AVAILABILITY = YES_AGGRESSIVE;
				CLANG_WARN_UNREACHABLE_CODE = YES;
				CLANG_WARN__DUPLICATE_METHOD_MATCH = YES;
				COPY_PHASE_STRIP = NO;
				DEBUG_INFORMATION_FORMAT = "dwarf-with-dsym";
				ENABLE_NS_ASSERTIONS = NO;
				ENABLE_STRICT_OBJC_MSGSEND = YES;
				GCC_C_LANGUAGE_STANDARD = gnu11;
				GCC_NO_COMMON_BLOCKS = YES;
				GCC_WARN_64_TO_32_BIT_CONVERSION = YES;
				GCC_WARN_ABOUT_RETURN_TYPE = YES_ERROR;
				GCC_WARN_UNDECLARED_SELECTOR = YES;
				GCC_WARN_UNINITIALIZED_AUTOS = YES_AGGRESSIVE;
				GCC_WARN_UNUSED_FUNCTION = YES;
				GCC_WARN_UNUSED_VARIABLE = YES;
				IPHONEOS_DEPLOYMENT_TARGET = 15.2;
				MTL_ENABLE_DEBUG_INFO = NO;
				MTL_FAST_MATH = YES;
				SDKROOT = iphoneos;
				SWIFT_COMPILATION_MODE = wholemodule;
				SWIFT_OPTIMIZATION_LEVEL = "-O";
				VALIDATE_PRODUCT = YES;
			};
			name = Release;
		};
		0419B166277D5B3400BD8D23 /* Debug */ = {
			isa = XCBuildConfiguration;
			buildSettings = {
				ASSETCATALOG_COMPILER_APPICON_NAME = AppIcon;
				ASSETCATALOG_COMPILER_GLOBAL_ACCENT_COLOR_NAME = AccentColor;
				CODE_SIGN_STYLE = Automatic;
				CURRENT_PROJECT_VERSION = 1;
				DEVELOPMENT_ASSET_PATHS = "\"FiveFourLab/Preview Content\"";
				DEVELOPMENT_TEAM = NVBAMR8VDL;
				ENABLE_PREVIEWS = YES;
				GENERATE_INFOPLIST_FILE = YES;
				INFOPLIST_KEY_UIApplicationSceneManifest_Generation = YES;
				INFOPLIST_KEY_UIApplicationSupportsIndirectInputEvents = YES;
				INFOPLIST_KEY_UILaunchScreen_Generation = YES;
				INFOPLIST_KEY_UISupportedInterfaceOrientations_iPad = "UIInterfaceOrientationPortrait UIInterfaceOrientationPortraitUpsideDown UIInterfaceOrientationLandscapeLeft UIInterfaceOrientationLandscapeRight";
				INFOPLIST_KEY_UISupportedInterfaceOrientations_iPhone = "UIInterfaceOrientationPortrait UIInterfaceOrientationLandscapeLeft UIInterfaceOrientationLandscapeRight";
				IPHONEOS_DEPLOYMENT_TARGET = 15.0;
				LD_RUNPATH_SEARCH_PATHS = (
					"$(inherited)",
					"@executable_path/Frameworks",
				);
				MARKETING_VERSION = 1.0;
				PRODUCT_BUNDLE_IDENTIFIER = com.5fourlab.FiveFourLab;
				PRODUCT_NAME = "$(TARGET_NAME)";
				SWIFT_EMIT_LOC_STRINGS = YES;
				SWIFT_VERSION = 5.0;
				TARGETED_DEVICE_FAMILY = "1,2";
			};
			name = Debug;
		};
		0419B167277D5B3400BD8D23 /* Release */ = {
			isa = XCBuildConfiguration;
			buildSettings = {
				ASSETCATALOG_COMPILER_APPICON_NAME = AppIcon;
				ASSETCATALOG_COMPILER_GLOBAL_ACCENT_COLOR_NAME = AccentColor;
				CODE_SIGN_STYLE = Automatic;
				CURRENT_PROJECT_VERSION = 1;
				DEVELOPMENT_ASSET_PATHS = "\"FiveFourLab/Preview Content\"";
				DEVELOPMENT_TEAM = NVBAMR8VDL;
				ENABLE_PREVIEWS = YES;
				GENERATE_INFOPLIST_FILE = YES;
				INFOPLIST_KEY_UIApplicationSceneManifest_Generation = YES;
				INFOPLIST_KEY_UIApplicationSupportsIndirectInputEvents = YES;
				INFOPLIST_KEY_UILaunchScreen_Generation = YES;
				INFOPLIST_KEY_UISupportedInterfaceOrientations_iPad = "UIInterfaceOrientationPortrait UIInterfaceOrientationPortraitUpsideDown UIInterfaceOrientationLandscapeLeft UIInterfaceOrientationLandscapeRight";
				INFOPLIST_KEY_UISupportedInterfaceOrientations_iPhone = "UIInterfaceOrientationPortrait UIInterfaceOrientationLandscapeLeft UIInterfaceOrientationLandscapeRight";
				IPHONEOS_DEPLOYMENT_TARGET = 15.0;
				LD_RUNPATH_SEARCH_PATHS = (
					"$(inherited)",
					"@executable_path/Frameworks",
				);
				MARKETING_VERSION = 1.0;
				PRODUCT_BUNDLE_IDENTIFIER = com.5fourlab.FiveFourLab;
				PRODUCT_NAME = "$(TARGET_NAME)";
				SWIFT_EMIT_LOC_STRINGS = YES;
				SWIFT_VERSION = 5.0;
				TARGETED_DEVICE_FAMILY = "1,2";
			};
			name = Release;
		};
/* End XCBuildConfiguration section */

/* Begin XCConfigurationList section */
		0419B152277D5B3200BD8D23 /* Build configuration list for PBXProject "FiveFourLab" */ = {
			isa = XCConfigurationList;
			buildConfigurations = (
				0419B163277D5B3400BD8D23 /* Debug */,
				0419B164277D5B3400BD8D23 /* Release */,
			);
			defaultConfigurationIsVisible = 0;
			defaultConfigurationName = Release;
		};
		0419B165277D5B3400BD8D23 /* Build configuration list for PBXNativeTarget "FiveFourLab" */ = {
			isa = XCConfigurationList;
			buildConfigurations = (
				0419B166277D5B3400BD8D23 /* Debug */,
				0419B167277D5B3400BD8D23 /* Release */,
			);
			defaultConfigurationIsVisible = 0;
			defaultConfigurationName = Release;
		};
/* End XCConfigurationList section */

/* Begin XCRemoteSwiftPackageReference section */
		0419B176277E0EB200BD8D23 /* XCRemoteSwiftPackageReference "apollo-ios" */ = {
			isa = XCRemoteSwiftPackageReference;
			repositoryURL = "https://github.com/apollographql/apollo-ios";
			requirement = {
				kind = upToNextMajorVersion;
				minimumVersion = 0.9.5;
			};
		};
/* End XCRemoteSwiftPackageReference section */

/* Begin XCSwiftPackageProductDependency section */
		0419B177277E0EB200BD8D23 /* Apollo */ = {
			isa = XCSwiftPackageProductDependency;
			package = 0419B176277E0EB200BD8D23 /* XCRemoteSwiftPackageReference "apollo-ios" */;
			productName = Apollo;
		};
/* End XCSwiftPackageProductDependency section */
	};
	rootObject = 0419B14F277D5B3200BD8D23 /* Project object */;
}
